<?xml version="1.0" encoding="utf-8"?>
<Project ToolsVersion="4.0" xmlns="http://schemas.microsoft.com/developer/msbuild/2003">
  <ItemGroup>
    <Filter Include="Source Files">
      <UniqueIdentifier>{4FC737F1-C7A5-4376-A066-2A32D752A2FF}</UniqueIdentifier>
      <Extensions>cpp;c;cc;cxx;c++;cppm;ixx;def;odl;idl;hpj;bat;asm;asmx</Extensions>
    </Filter>
    <Filter Include="Header Files">
      <UniqueIdentifier>{93995380-89BD-4b04-88EB-625FBE52EBFB}</UniqueIdentifier>
      <Extensions>h;hh;hpp;hxx;h++;hm;inl;inc;ipp;xsd</Extensions>
    </Filter>
    <Filter Include="Resource Files">
      <UniqueIdentifier>{67DA6AB6-F800-4c08-8B7A-83BB121AAD01}</UniqueIdentifier>
      <Extensions>rc;ico;cur;bmp;dlg;rc2;rct;bin;rgs;gif;jpg;jpeg;jpe;resx;tiff;tif;png;wav;mfcribbon-ms</Extensions>
    </Filter>
  </ItemGroup>
  <ItemGroup>
    <ClCompile Include="finalProjectCpp.cpp">
      <Filter>Source Files</Filter>
    </ClCompile>
    <ClCompile Include="functions.cpp">
      <Filter>Source Files</Filter>
    </ClCompile>
    <ClCompile Include="node.cpp">
      <Filter>Source Files</Filter>
    </ClCompile>
    <ClCompile Include="nodeInAxis.cpp">
      <Filter>Source Files</Filter>
    </ClCompile>
    <ClCompile Include="nodesManager.cpp">
      <Filter>Source Files</Filter>
    </ClCompile>
    <ClCompile Include="priorityAxis.cpp">
      <Filter>Source Files</Filter>
    </ClCompile>
    <ClCompile Include="priorityQueue.cpp">
      <Filter>Source Files</Filter>
    </ClCompile>
    <ClCompile Include="st.cpp">
      <Filter>Source Files</Filter>
    </ClCompile>
    <ClCompile Include="fromExcel.cpp">
      <Filter>Source Files</Filter>
    </ClCompile>
    <ClCompile Include="Element.cpp">
      <Filter>Source Files</Filter>
    </ClCompile>
    <ClCompile Include="carsInSt.cpp">
      <Filter>Source Files</Filter>
    </ClCompile>
    <ClCompile Include="functions2.cpp">
      <Filter>Source Files</Filter>
    </ClCompile>
  </ItemGroup>
  <ItemGroup>
    <ClInclude Include="functions.h">
      <Filter>Header Files</Filter>
    </ClInclude>
    <ClInclude Include="node.h">
      <Filter>Header Files</Filter>
    </ClInclude>
    <ClInclude Include="nodeInAxis.h">
      <Filter>Header Files</Filter>
    </ClInclude>
    <ClInclude Include="nodesManager.h">
      <Filter>Header Files</Filter>
    </ClInclude>
    <ClInclude Include="priorityAxis.h">
      <Filter>Header Files</Filter>
    </ClInclude>
    <ClInclude Include="priorityQueue.h">
      <Filter>Header Files</Filter>
    </ClInclude>
    <ClInclude Include="st.h">
      <Filter>Header Files</Filter>
    </ClInclude>
    <ClInclude Include="fromExcel.h">
      <Filter>Header Files</Filter>
    </ClInclude>
    <ClInclude Include="Element.h">
      <Filter>Header Files</Filter>
    </ClInclude>
    <ClInclude Include="carsInSt.h">
      <Filter>Header Files</Filter>
    </ClInclude>
    <ClInclude Include="functions2.h">
      <Filter>Header Files</Filter>
    </ClInclude>
  </ItemGroup>
</Project>